<?xml version="1.0" encoding="utf-8"?>
<Project ToolsVersion="4.0" xmlns="http://schemas.microsoft.com/developer/msbuild/2003">
  <ItemGroup>
    <Filter Include="Source Files">
      <UniqueIdentifier>{4FC737F1-C7A5-4376-A066-2A32D752A2FF}</UniqueIdentifier>
      <Extensions>cpp;c;cc;cxx;def;odl;idl;hpj;bat;asm;asmx</Extensions>
    </Filter>
    <Filter Include="Header Files">
      <UniqueIdentifier>{93995380-89BD-4b04-88EB-625FBE52EBFB}</UniqueIdentifier>
      <Extensions>h;hh;hpp;hxx;hm;inl;inc;xsd</Extensions>
    </Filter>
    <Filter Include="Resource Files">
      <UniqueIdentifier>{67DA6AB6-F800-4c08-8B7A-83BB121AAD01}</UniqueIdentifier>
      <Extensions>rc;ico;cur;bmp;dlg;rc2;rct;bin;rgs;gif;jpg;jpeg;jpe;resx;tiff;tif;png;wav</Extensions>
    </Filter>
  </ItemGroup>
  <ItemGroup>
    <ClCompile Include="c_bind.cpp">
      <Filter>Source Files</Filter>
    </ClCompile>
    <ClCompile Include="c_color.cpp">
      <Filter>Source Files</Filter>
    </ClCompile>
    <ClCompile Include="c_config.cpp">
      <Filter>Source Files</Filter>
    </ClCompile>
    <ClCompile Include="c_desktop.cpp">
      <Filter>Source Files</Filter>
    </ClCompile>
    <ClCompile Include="c_hilit.cpp">
      <Filter>Source Files</Filter>
    </ClCompile>
    <ClCompile Include="c_history.cpp">
      <Filter>Source Files</Filter>
    </ClCompile>
    <ClCompile Include="c_mode.cpp">
      <Filter>Source Files</Filter>
    </ClCompile>
    <ClCompile Include="commands.cpp">
      <Filter>Source Files</Filter>
    </ClCompile>
    <ClCompile Include="s_files.cpp">
      <Filter>Source Files</Filter>
    </ClCompile>
    <ClCompile Include="s_string.cpp">
      <Filter>Source Files</Filter>
    </ClCompile>
    <ClCompile Include="e_block.cpp">
      <Filter>Source Files</Filter>
    </ClCompile>
    <ClCompile Include="e_buffer.cpp">
      <Filter>Source Files</Filter>
    </ClCompile>
    <ClCompile Include="e_cmds.cpp">
      <Filter>Source Files</Filter>
    </ClCompile>
    <ClCompile Include="e_cvslog.cpp">
      <Filter>Source Files</Filter>
    </ClCompile>
    <ClCompile Include="e_file.cpp">
      <Filter>Source Files</Filter>
    </ClCompile>
    <ClCompile Include="e_fold.cpp">
      <Filter>Source Files</Filter>
    </ClCompile>
    <ClCompile Include="e_line.cpp">
      <Filter>Source Files</Filter>
    </ClCompile>
    <ClCompile Include="e_loadsave.cpp">
      <Filter>Source Files</Filter>
    </ClCompile>
    <ClCompile Include="e_mark.cpp">
      <Filter>Source Files</Filter>
    </ClCompile>
    <ClCompile Include="e_print.cpp">
      <Filter>Source Files</Filter>
    </ClCompile>
    <ClCompile Include="e_redraw.cpp">
      <Filter>Source Files</Filter>
    </ClCompile>
    <ClCompile Include="e_regex.cpp">
      <Filter>Source Files</Filter>
    </ClCompile>
    <ClCompile Include="e_search.cpp">
      <Filter>Source Files</Filter>
    </ClCompile>
    <ClCompile Include="e_svnlog.cpp">
      <Filter>Source Files</Filter>
    </ClCompile>
    <ClCompile Include="e_tags.cpp">
      <Filter>Source Files</Filter>
    </ClCompile>
    <ClCompile Include="e_trans.cpp">
      <Filter>Source Files</Filter>
    </ClCompile>
    <ClCompile Include="e_undo.cpp">
      <Filter>Source Files</Filter>
    </ClCompile>
    <ClCompile Include="fte.cpp">
      <Filter>Source Files</Filter>
    </ClCompile>
    <ClCompile Include="g_draw.cpp">
      <Filter>Source Files</Filter>
    </ClCompile>
    <ClCompile Include="g_menu.cpp">
      <Filter>Source Files</Filter>
    </ClCompile>
    <ClCompile Include="gui.cpp">
      <Filter>Source Files</Filter>
    </ClCompile>
    <ClCompile Include="h_ada.cpp">
      <Filter>Source Files</Filter>
    </ClCompile>
    <ClCompile Include="h_c.cpp">
      <Filter>Source Files</Filter>
    </ClCompile>
    <ClCompile Include="h_fte.cpp">
      <Filter>Source Files</Filter>
    </ClCompile>
    <ClCompile Include="h_ipf.cpp">
      <Filter>Source Files</Filter>
    </ClCompile>
    <ClCompile Include="h_make.cpp">
      <Filter>Source Files</Filter>
    </ClCompile>
    <ClCompile Include="h_msg.cpp">
      <Filter>Source Files</Filter>
    </ClCompile>
    <ClCompile Include="h_pascal.cpp">
      <Filter>Source Files</Filter>
    </ClCompile>
    <ClCompile Include="h_perl.cpp">
      <Filter>Source Files</Filter>
    </ClCompile>
    <ClCompile Include="h_plain.cpp">
      <Filter>Source Files</Filter>
    </ClCompile>
    <ClCompile Include="h_rexx.cpp">
      <Filter>Source Files</Filter>
    </ClCompile>
    <ClCompile Include="h_sh.cpp">
      <Filter>Source Files</Filter>
    </ClCompile>
    <ClCompile Include="h_simple.cpp">
      <Filter>Source Files</Filter>
    </ClCompile>
    <ClCompile Include="h_tex.cpp">
      <Filter>Source Files</Filter>
    </ClCompile>
    <ClCompile Include="i_ascii.cpp">
      <Filter>Source Files</Filter>
    </ClCompile>
    <ClCompile Include="i_choice.cpp">
      <Filter>Source Files</Filter>
    </ClCompile>
    <ClCompile Include="i_complete.cpp">
      <Filter>Source Files</Filter>
    </ClCompile>
    <ClCompile Include="i_input.cpp">
      <Filter>Source Files</Filter>
    </ClCompile>
    <ClCompile Include="i_key.cpp">
      <Filter>Source Files</Filter>
    </ClCompile>
    <ClCompile Include="i_modelview.cpp">
      <Filter>Source Files</Filter>
    </ClCompile>
    <ClCompile Include="i_oview.cpp">
      <Filter>Source Files</Filter>
    </ClCompile>
    <ClCompile Include="i_search.cpp">
      <Filter>Source Files</Filter>
    </ClCompile>
    <ClCompile Include="i_view.cpp">
      <Filter>Source Files</Filter>
    </ClCompile>
    <ClCompile Include="indent.cpp">
      <Filter>Source Files</Filter>
    </ClCompile>
    <ClCompile Include="log.cpp">
      <Filter>Source Files</Filter>
    </ClCompile>
    <ClCompile Include="o_buflist.cpp">
      <Filter>Source Files</Filter>
    </ClCompile>
    <ClCompile Include="o_cvs.cpp">
      <Filter>Source Files</Filter>
    </ClCompile>
    <ClCompile Include="o_cvsbase.cpp">
      <Filter>Source Files</Filter>
    </ClCompile>
    <ClCompile Include="o_cvsdiff.cpp">
      <Filter>Source Files</Filter>
    </ClCompile>
    <ClCompile Include="o_directory.cpp">
      <Filter>Source Files</Filter>
    </ClCompile>
    <ClCompile Include="o_list.cpp">
      <Filter>Source Files</Filter>
    </ClCompile>
    <ClCompile Include="o_messages.cpp">
      <Filter>Source Files</Filter>
    </ClCompile>
    <ClCompile Include="o_model.cpp">
      <Filter>Source Files</Filter>
    </ClCompile>
    <ClCompile Include="o_modemap.cpp">
      <Filter>Source Files</Filter>
    </ClCompile>
    <ClCompile Include="o_routine.cpp">
      <Filter>Source Files</Filter>
    </ClCompile>
    <ClCompile Include="o_svn.cpp">
      <Filter>Source Files</Filter>
    </ClCompile>
    <ClCompile Include="o_svnbase.cpp">
      <Filter>Source Files</Filter>
    </ClCompile>
    <ClCompile Include="o_svndiff.cpp">
      <Filter>Source Files</Filter>
    </ClCompile>
    <ClCompile Include="s_direct.cpp">
      <Filter>Source Files</Filter>
    </ClCompile>
    <ClCompile Include="s_util.cpp">
      <Filter>Source Files</Filter>
    </ClCompile>
    <ClCompile Include="stl_string.cpp">
      <Filter>Source Files</Filter>
    </ClCompile>
    <ClCompile Include="view.cpp">
      <Filter>Source Files</Filter>
    </ClCompile>
    <ClCompile Include="clip_os2.cpp">
      <Filter>Source Files</Filter>
    </ClCompile>
    <ClCompile Include="con_nt.cpp">
      <Filter>Source Files</Filter>
    </ClCompile>
    <ClCompile Include="e_win32.cpp">
      <Filter>Source Files</Filter>
    </ClCompile>
    <ClCompile Include="g_nodlg.cpp">
      <Filter>Source Files</Filter>
    </ClCompile>
    <ClCompile Include="g_text.cpp">
      <Filter>Source Files</Filter>
    </ClCompile>
    <ClCompile Include="menu_text.cpp">
      <Filter>Source Files</Filter>
    </ClCompile>
    <ClCompile Include="egui.cpp">
      <Filter>Source Files</Filter>
    </ClCompile>
    <ClCompile Include="o_buffer.cpp">
      <Filter>Source Files</Filter>
    </ClCompile>
    <ClCompile Include="h_catbs.cpp">
      <Filter>Source Files</Filter>
    </ClCompile>
  </ItemGroup>
</Project>